// !$*UTF8*$!
{
	archiveVersion = 1;
	classes = {
	};
	objectVersion = 46;
	objects = {

/* Begin PBXBuildFile section */
		D91E952E1CDB6B1F00A365FA /* main.m in Sources */ = {isa = PBXBuildFile; fileRef = D91E952D1CDB6B1F00A365FA /* main.m */; };
		D91E95311CDB6B1F00A365FA /* AppDelegate.m in Sources */ = {isa = PBXBuildFile; fileRef = D91E95301CDB6B1F00A365FA /* AppDelegate.m */; };
		D91E95341CDB6B1F00A365FA /* ViewController.m in Sources */ = {isa = PBXBuildFile; fileRef = D91E95331CDB6B1F00A365FA /* ViewController.m */; };
		D91E95371CDB6B1F00A365FA /* Main.storyboard in Resources */ = {isa = PBXBuildFile; fileRef = D91E95351CDB6B1F00A365FA /* Main.storyboard */; };
		D91E95391CDB6B1F00A365FA /* Assets.xcassets in Resources */ = {isa = PBXBuildFile; fileRef = D91E95381CDB6B1F00A365FA /* Assets.xcassets */; };
		D91E953C1CDB6B1F00A365FA /* LaunchScreen.storyboard in Resources */ = {isa = PBXBuildFile; fileRef = D91E953A1CDB6B1F00A365FA /* LaunchScreen.storyboard */; };
/* End PBXBuildFile section */

/* Begin PBXFileReference section */
		D91E95291CDB6B1F00A365FA /* kmtoolutilDemo.app */ = {isa = PBXFileReference; explicitFileType = wrapper.application; includeInIndex = 0; path = kmtoolutilDemo.app; sourceTree = BUILT_PRODUCTS_DIR; };
		D91E952D1CDB6B1F00A365FA /* main.m */ = {isa = PBXFileReference; lastKnownFileType = sourcecode.c.objc; path = main.m; sourceTree = "<group>"; };
		D91E952F1CDB6B1F00A365FA /* AppDelegate.h */ = {isa = PBXFileReference; lastKnownFileType = sourcecode.c.h; path = AppDelegate.h; sourceTree = "<group>"; };
		D91E95301CDB6B1F00A365FA /* AppDelegate.m */ = {isa = PBXFileReference; lastKnownFileType = sourcecode.c.objc; path = AppDelegate.m; sourceTree = "<group>"; };
		D91E95321CDB6B1F00A365FA /* ViewController.h */ = {isa = PBXFileReference; lastKnownFileType = sourcecode.c.h; path = ViewController.h; sourceTree = "<group>"; };
		D91E95331CDB6B1F00A365FA /* ViewController.m */ = {isa = PBXFileReference; lastKnownFileType = sourcecode.c.objc; path = ViewController.m; sourceTree = "<group>"; };
		D91E95361CDB6B1F00A365FA /* Base */ = {isa = PBXFileReference; lastKnownFileType = file.storyboard; name = Base; path = Base.lproj/Main.storyboard; sourceTree = "<group>"; };
		D91E95381CDB6B1F00A365FA /* Assets.xcassets */ = {isa = PBXFileReference; lastKnownFileType = folder.assetcatalog; path = Assets.xcassets; sourceTree = "<group>"; };
		D91E953B1CDB6B1F00A365FA /* Base */ = {isa = PBXFileReference; lastKnownFileType = file.storyboard; name = Base; path = Base.lproj/LaunchScreen.storyboard; sourceTree = "<group>"; };
		D91E953D1CDB6B1F00A365FA /* Info.plist */ = {isa = PBXFileReference; lastKnownFileType = text.plist.xml; path = Info.plist; sourceTree = "<group>"; };
/* End PBXFileReference section */

/* Begin PBXFrameworksBuildPhase section */
		D91E95261CDB6B1F00A365FA /* Frameworks */ = {
			isa = PBXFrameworksBuildPhase;
			buildActionMask = 2147483647;
			files = (
			);
			runOnlyForDeploymentPostprocessing = 0;
		};
/* End PBXFrameworksBuildPhase section */

/* Begin PBXGroup section */
		D91E95201CDB6B1F00A365FA = {
			isa = PBXGroup;
			children = (
				D91E952B1CDB6B1F00A365FA /* kmtoolutilDemo */,
				D91E952A1CDB6B1F00A365FA /* Products */,
			);
			sourceTree = "<group>";
		};
		D91E952A1CDB6B1F00A365FA /* Products */ = {
			isa = PBXGroup;
			children = (
				D91E95291CDB6B1F00A365FA /* kmtoolutilDemo.app */,
			);
			name = Products;
			sourceTree = "<group>";
		};
		D91E952B1CDB6B1F00A365FA /* kmtoolutilDemo */ = {
			isa = PBXGroup;
			children = (
				D91E952F1CDB6B1F00A365FA /* AppDelegate.h */,
				D91E95301CDB6B1F00A365FA /* AppDelegate.m */,
				D91E95321CDB6B1F00A365FA /* ViewController.h */,
				D91E95331CDB6B1F00A365FA /* ViewController.m */,
				D91E95351CDB6B1F00A365FA /* Main.storyboard */,
				D91E95381CDB6B1F00A365FA /* Assets.xcassets */,
				D91E953A1CDB6B1F00A365FA /* LaunchScreen.storyboard */,
				D91E953D1CDB6B1F00A365FA /* Info.plist */,
				D91E952C1CDB6B1F00A365FA /* Supporting Files */,
			);
			path = kmtoolutilDemo;
			sourceTree = "<group>";
		};
		D91E952C1CDB6B1F00A365FA /* Supporting Files */ = {
			isa = PBXGroup;
			children = (
				D91E952D1CDB6B1F00A365FA /* main.m */,
			);
			name = "Supporting Files";
			sourceTree = "<group>";
		};
/* End PBXGroup section */

/* Begin PBXNativeTarget section */
		D91E95281CDB6B1F00A365FA /* kmtoolutilDemo */ = {
			isa = PBXNativeTarget;
			buildConfigurationList = D91E95401CDB6B1F00A365FA /* Build configuration list for PBXNativeTarget "kmtoolutilDemo" */;
			buildPhases = (
				D91E95251CDB6B1F00A365FA /* Sources */,
				D91E95261CDB6B1F00A365FA /* Frameworks */,
				D91E95271CDB6B1F00A365FA /* Resources */,
			);
			buildRules = (
			);
			dependencies = (
			);
			name = kmtoolutilDemo;
			productName = kmtoolutilDemo;
			productReference = D91E95291CDB6B1F00A365FA /* kmtoolutilDemo.app */;
			productType = "com.apple.product-type.application";
		};
/* End PBXNativeTarget section */

/* Begin PBXProject section */
		D91E95211CDB6B1F00A365FA /* Project object */ = {
			isa = PBXProject;
			attributes = {
				LastUpgradeCheck = 0730;
				ORGANIZATIONNAME = kumo;
				TargetAttributes = {
					D91E95281CDB6B1F00A365FA = {
						CreatedOnToolsVersion = 7.3;
					};
				};
			};
			buildConfigurationList = D91E95241CDB6B1F00A365FA /* Build configuration list for PBXProject "kmtoolutilDemo" */;
			compatibilityVersion = "Xcode 3.2";
			developmentRegion = English;
			hasScannedForEncodings = 0;
			knownRegions = (
				en,
				Base,
			);
			mainGroup = D91E95201CDB6B1F00A365FA;
			productRefGroup = D91E952A1CDB6B1F00A365FA /* Products */;
			projectDirPath = "";
			projectRoot = "";
			targets = (
				D91E95281CDB6B1F00A365FA /* kmtoolutilDemo */,
			);
		};
/* End PBXProject section */

/* Begin PBXResourcesBuildPhase section */
		D91E95271CDB6B1F00A365FA /* Resources */ = {
			isa = PBXResourcesBuildPhase;
			buildActionMask = 2147483647;
			files = (
				D91E953C1CDB6B1F00A365FA /* LaunchScreen.storyboard in Resources */,
				D91E95391CDB6B1F00A365FA /* Assets.xcassets in Resources */,
				D91E95371CDB6B1F00A365FA /* Main.storyboard in Resources */,
			);
			runOnlyForDeploymentPostprocessing = 0;
		};
/* End PBXResourcesBuildPhase section */

/* Begin PBXSourcesBuildPhase section */
		D91E95251CDB6B1F00A365FA /* Sources */ = {
			isa = PBXSourcesBuildPhase;
			buildActionMask = 2147483647;
			files = (
				D91E95341CDB6B1F00A365FA /* ViewController.m in Sources */,
				D91E95311CDB6B1F00A365FA /* AppDelegate.m in Sources */,
				D91E952E1CDB6B1F00A365FA /* main.m in Sources */,
			);
			runOnlyForDeploymentPostprocessing = 0;
		};
/* End PBXSourcesBuildPhase section */

/* Begin PBXVariantGroup section */
		D91E95351CDB6B1F00A365FA /* Main.storyboard */ = {
			isa = PBXVariantGroup;
			children = (
				D91E95361CDB6B1F00A365FA /* Base */,
			);
			name = Main.storyboard;
			sourceTree = "<group>";
		};
		D91E953A1CDB6B1F00A365FA /* LaunchScreen.storyboard */ = {
			isa = PBXVariantGroup;
			children = (
				D91E953B1CDB6B1F00A365FA /* Base */,
			);
			name = LaunchScreen.storyboard;
			sourceTree = "<group>";
		};
/* End PBXVariantGroup section */

/* Begin XCBuildConfiguration section */
		D91E953E1CDB6B1F00A365FA /* Debug */ = {
			isa = XCBuildConfiguration;
			buildSettings = {
				ALWAYS_SEARCH_USER_PATHS = NO;
				CLANG_ANALYZER_NONNULL = YES;
				CLANG_CXX_LANGUAGE_STANDARD = "gnu++0x";
				CLANG_CXX_LIBRARY = "libc++";
				CLANG_ENABLE_MODULES = YES;
				CLANG_ENABLE_OBJC_ARC = YES;
				CLANG_WARN_BOOL_CONVERSION = YES;
				CLANG_WARN_CONSTANT_CONVERSION = YES;
				CLANG_WARN_DIRECT_OBJC_ISA_USAGE = YES_ERROR;
				CLANG_WARN_EMPTY_BODY = YES;
				CLANG_WARN_ENUM_CONVERSION = YES;
				CLANG_WARN_INT_CONVERSION = YES;
				CLANG_WARN_OBJC_ROOT_CLASS = YES_ERROR;
				CLANG_WARN_UNREACHABLE_CODE = YES;
				CLANG_WARN__DUPLICATE_METHOD_MATCH = YES;
				"CODE_SIGN_IDENTITY[sdk=iphoneos*]" = "iPhone Developer";
				COPY_PHASE_STRIP = NO;
				DEBUG_INFORMATION_FORMAT = dwarf;
				ENABLE_STRICT_OBJC_MSGSEND = YES;
				ENABLE_TESTABILITY = YES;
				GCC_C_LANGUAGE_STANDARD = gnu99;
				GCC_DYNAMIC_NO_PIC = NO;
				GCC_NO_COMMON_BLOCKS = YES;
				GCC_OPTIMIZATION_LEVEL = 0;
				GCC_PREPROCESSOR_DEFINITIONS = (
					"DEBUG=1",
					"$(inherited)",
				);
				GCC_WARN_64_TO_32_BIT_CONVERSION = YES;
				GCC_WARN_ABOUT_RETURN_TYPE = YES_ERROR;
				GCC_WARN_UNDECLARED_SELECTOR = YES;
				GCC_WARN_UNINITIALIZED_AUTOS = YES_AGGRESSIVE;
				GCC_WARN_UNUSED_FUNCTION = YES;
				GCC_WARN_UNUSED_VARIABLE = YES;
				IPHONEOS_DEPLOYMENT_TARGET = 9.3;
				MTL_ENABLE_DEBUG_INFO = YES;
				ONLY_ACTIVE_ARCH = YES;
				SDKROOT = iphoneos;
			};
			name = Debug;
		};
		D91E953F1CDB6B1F00A365FA /* Release */ = {
			isa = XCBuildConfiguration;
			buildSettings = {
				ALWAYS_SEARCH_USER_PATHS = NO;
				CLANG_ANALYZER_NONNULL = YES;
				CLANG_CXX_LANGUAGE_STANDARD = "gnu++0x";
				CLANG_CXX_LIBRARY = "libc++";
				CLANG_ENABLE_MODULES = YES;
				CLANG_ENABLE_OBJC_ARC = YES;
				CLANG_WARN_BOOL_CONVERSION = YES;
				CLANG_WARN_CONSTANT_CONVERSION = YES;
				CLANG_WARN_DIRECT_OBJC_ISA_USAGE = YES_ERROR;
				CLANG_WARN_EMPTY_BODY = YES;
				CLANG_WARN_ENUM_CONVERSION = YES;
				CLANG_WARN_INT_CONVERSION = YES;
				CLANG_WARN_OBJC_ROOT_CLASS = YES_ERROR;
				CLANG_WARN_UNREACHABLE_CODE = YES;
				CLANG_WARN__DUPLICATE_METHOD_MATCH = YES;
				"CODE_SIGN_IDENTITY[sdk=iphoneos*]" = "iPhone Developer";
				COPY_PHASE_STRIP = NO;
				DEBUG_INFORMATION_FORMAT = "dwarf-with-dsym";
				ENABLE_NS_ASSERTIONS = NO;
				ENABLE_STRICT_OBJC_MSGSEND = YES;
				GCC_C_LANGUAGE_STANDARD = gnu99;
				GCC_NO_COMMON_BLOCKS = YES;
				GCC_WARN_64_TO_32_BIT_CONVERSION = YES;
				GCC_WARN_ABOUT_RETURN_TYPE = YES_ERROR;
				GCC_WARN_UNDECLARED_SELECTOR = YES;
				GCC_WARN_UNINITIALIZED_AUTOS = YES_AGGRESSIVE;
				GCC_WARN_UNUSED_FUNCTION = YES;
				GCC_WARN_UNUSED_VARIABLE = YES;
				IPHONEOS_DEPLOYMENT_TARGET = 9.3;
				MTL_ENABLE_DEBUG_INFO = NO;
				SDKROOT = iphoneos;
				VALIDATE_PRODUCT = YES;
			};
			name = Release;
		};
		D91E95411CDB6B1F00A365FA /* Debug */ = {
			isa = XCBuildConfiguration;
			buildSettings = {
				ASSETCATALOG_COMPILER_APPICON_NAME = AppIcon;
				INFOPLIST_FILE = kmtoolutilDemo/Info.plist;
				IPHONEOS_DEPLOYMENT_TARGET = 7.0;
				LD_RUNPATH_SEARCH_PATHS = "$(inherited) @executable_path/Frameworks";
				PRODUCT_BUNDLE_IDENTIFIER = com.kumo.kmtoolutilDemo;
				PRODUCT_NAME = "$(TARGET_NAME)";
			};
			name = Debug;
		};
		D91E95421CDB6B1F00A365FA /* Release */ = {
			isa = XCBuildConfiguration;
			buildSettings = {
				ASSETCATALOG_COMPILER_APPICON_NAME = AppIcon;
				INFOPLIST_FILE = kmtoolutilDemo/Info.plist;
				IPHONEOS_DEPLOYMENT_TARGET = 7.0;
				LD_RUNPATH_SEARCH_PATHS = "$(inherited) @executable_path/Frameworks";
				PRODUCT_BUNDLE_IDENTIFIER = com.kumo.kmtoolutilDemo;
				PRODUCT_NAME = "$(TARGET_NAME)";
			};
			name = Release;
		};
/* End XCBuildConfiguration section */

/* Begin XCConfigurationList section */
		D91E95241CDB6B1F00A365FA /* Build configuration list for PBXProject "kmtoolutilDemo" */ = {
			isa = XCConfigurationList;
			buildConfigurations = (
				D91E953E1CDB6B1F00A365FA /* Debug */,
				D91E953F1CDB6B1F00A365FA /* Release */,
			);
			defaultConfigurationIsVisible = 0;
			defaultConfigurationName = Release;
		};
		D91E95401CDB6B1F00A365FA /* Build configuration list for PBXNativeTarget "kmtoolutilDemo" */ = {
			isa = XCConfigurationList;
			buildConfigurations = (
				D91E95411CDB6B1F00A365FA /* Debug */,
				D91E95421CDB6B1F00A365FA /* Release */,
			);
			defaultConfigurationIsVisible = 0;
			defaultConfigurationName = Release;
		};
/* End XCConfigurationList section */
	};
	rootObject = D91E95211CDB6B1F00A365FA /* Project object */;
}
